
Microsoft Visual Studio Solution File, Format Version 12.00
# Visual Studio 15
VisualStudioVersion = 15.0.28307.106
MinimumVisualStudioVersion = 10.0.40219.1
Project("{FAE04EC0-301F-11D3-BF4B-00C04F79EFBC}") = "FizzBuzzRunner", "FizzBuzzRunner\FizzBuzzRunner.csproj", "{D4B0AA68-48C7-499C-BF55-FFC21F8A00AB}"
EndProject
Project("{FAE04EC0-301F-11D3-BF4B-00C04F79EFBC}") = "Test.FizzBuzzRunner", "Test.FizzBuzzRunner\Test.FizzBuzzRunner.csproj", "{DA453EF0-0D7E-4B19-8BF5-1E395F3DA86D}"
EndProject
Global
	GlobalSection(SolutionConfigurationPlatforms) = preSolution
		Debug|Any CPU = Debug|Any CPU
		Release|Any CPU = Release|Any CPU
	EndGlobalSection
	GlobalSection(ProjectConfigurationPlatforms) = postSolution
		{D4B0AA68-48C7-499C-BF55-FFC21F8A00AB}.Debug|Any CPU.ActiveCfg = Debug|Any CPU
		{D4B0AA68-48C7-499C-BF55-FFC21F8A00AB}.Debug|Any CPU.Build.0 = Debug|Any CPU
		{D4B0AA68-48C7-499C-BF55-FFC21F8A00AB}.Release|Any CPU.ActiveCfg = Release|Any CPU
		{D4B0AA68-48C7-499C-BF55-FFC21F8A00AB}.Release|Any CPU.Build.0 = Release|Any CPU
		{DA453EF0-0D7E-4B19-8BF5-1E395F3DA86D}.Debug|Any CPU.ActiveCfg = Debug|Any CPU
		{DA453EF0-0D7E-4B19-8BF5-1E395F3DA86D}.Debug|Any CPU.Build.0 = Debug|Any CPU
		{DA453EF0-0D7E-4B19-8BF5-1E395F3DA86D}.Release|Any CPU.ActiveCfg = Release|Any CPU
		{DA453EF0-0D7E-4B19-8BF5-1E395F3DA86D}.Release|Any CPU.Build.0 = Release|Any CPU
	EndGlobalSection
	GlobalSection(SolutionProperties) = preSolution
		HideSolutionNode = FALSE
	EndGlobalSection
	GlobalSection(ExtensibilityGlobals) = postSolution
		SolutionGuid = {64F8B354-0688-4AD3-B729-14FD4A2E202C}
	EndGlobalSection
EndGlobal
