
Microsoft Visual Studio Solution File, Format Version 12.00
# Visual Studio 15
VisualStudioVersion = 15.0.28307.106
MinimumVisualStudioVersion = 10.0.40219.1
Project("{FAE04EC0-301F-11D3-BF4B-00C04F79EFBC}") = "GreedKata", "GreedKata\GreedKata.csproj", "{17B74B52-186C-41FD-A7D8-9FEF4148F18F}"
EndProject
Project("{FAE04EC0-301F-11D3-BF4B-00C04F79EFBC}") = "GreedKata.Test", "GreedKata.Test\GreedKata.Test.csproj", "{9614B3C6-3E17-4206-8C98-B97DD3E6637E}"
EndProject
Global
	GlobalSection(SolutionConfigurationPlatforms) = preSolution
		Debug|Any CPU = Debug|Any CPU
		Release|Any CPU = Release|Any CPU
	EndGlobalSection
	GlobalSection(ProjectConfigurationPlatforms) = postSolution
		{17B74B52-186C-41FD-A7D8-9FEF4148F18F}.Debug|Any CPU.ActiveCfg = Debug|Any CPU
		{17B74B52-186C-41FD-A7D8-9FEF4148F18F}.Debug|Any CPU.Build.0 = Debug|Any CPU
		{17B74B52-186C-41FD-A7D8-9FEF4148F18F}.Release|Any CPU.ActiveCfg = Release|Any CPU
		{17B74B52-186C-41FD-A7D8-9FEF4148F18F}.Release|Any CPU.Build.0 = Release|Any CPU
		{9614B3C6-3E17-4206-8C98-B97DD3E6637E}.Debug|Any CPU.ActiveCfg = Debug|Any CPU
		{9614B3C6-3E17-4206-8C98-B97DD3E6637E}.Debug|Any CPU.Build.0 = Debug|Any CPU
		{9614B3C6-3E17-4206-8C98-B97DD3E6637E}.Release|Any CPU.ActiveCfg = Release|Any CPU
		{9614B3C6-3E17-4206-8C98-B97DD3E6637E}.Release|Any CPU.Build.0 = Release|Any CPU
	EndGlobalSection
	GlobalSection(SolutionProperties) = preSolution
		HideSolutionNode = FALSE
	EndGlobalSection
	GlobalSection(ExtensibilityGlobals) = postSolution
		SolutionGuid = {935199C4-2AA2-45A0-BF7D-CA1293F86B4D}
	EndGlobalSection
EndGlobal
